
Microsoft Visual Studio Solution File, Format Version 12.00
# Visual Studio Version 17
VisualStudioVersion = 17.3.32825.248
MinimumVisualStudioVersion = 10.0.40219.1
Project("{FAE04EC0-301F-11D3-BF4B-00C04F79EFBC}") = "MortgageCalc_MVC", "MortgageCalc_MVC\MortgageCalc_MVC.csproj", "{375C12EC-D324-4B95-AB58-FF999D08D19D}"
EndProject
Global
	GlobalSection(SolutionConfigurationPlatforms) = preSolution
		Debug|Any CPU = Debug|Any CPU
		Release|Any CPU = Release|Any CPU
	EndGlobalSection
	GlobalSection(ProjectConfigurationPlatforms) = postSolution
		{375C12EC-D324-4B95-AB58-FF999D08D19D}.Debug|Any CPU.ActiveCfg = Debug|Any CPU
		{375C12EC-D324-4B95-AB58-FF999D08D19D}.Debug|Any CPU.Build.0 = Debug|Any CPU
		{375C12EC-D324-4B95-AB58-FF999D08D19D}.Release|Any CPU.ActiveCfg = Release|Any CPU
		{375C12EC-D324-4B95-AB58-FF999D08D19D}.Release|Any CPU.Build.0 = Release|Any CPU
	EndGlobalSection
	GlobalSection(SolutionProperties) = preSolution
		HideSolutionNode = FALSE
	EndGlobalSection
	GlobalSection(ExtensibilityGlobals) = postSolution
		SolutionGuid = {5F1C6D86-C971-4245-9F3F-B7AF1D69CF09}
	EndGlobalSection
EndGlobal
